
Microsoft Visual Studio Solution File, Format Version 12.00
Project("{2150E333-8FDC-42A3-9474-1A3956D46DE8}") = "src", "src", "{3DAE187D-4A23-401B-A65B-B30A2BEB729A}"
EndProject
Project("{2150E333-8FDC-42A3-9474-1A3956D46DE8}") = "root", "root", "{76B5460E-3019-4296-A563-0EB866C2C65D}"
	ProjectSection(SolutionItems) = preProject
		docker-compose.yml = docker-compose.yml
	EndProjectSection
EndProject
Project("{2150E333-8FDC-42A3-9474-1A3956D46DE8}") = "tests", "tests", "{7005627D-9671-4352-B1CB-C1966F5D04BF}"
EndProject
Project("{2150E333-8FDC-42A3-9474-1A3956D46DE8}") = "Domain", "Domain", "{B8346825-A1E3-4793-A7EF-ED5F7CBD1E9A}"
EndProject
Project("{2150E333-8FDC-42A3-9474-1A3956D46DE8}") = "Infrastructure", "Infrastructure", "{E2549519-73ED-4914-B28D-2414298CFE7B}"
EndProject
Project("{2150E333-8FDC-42A3-9474-1A3956D46DE8}") = "Application", "Application", "{60F36531-DD5E-4966-973C-4C413DC177F3}"
EndProject
Project("{2150E333-8FDC-42A3-9474-1A3956D46DE8}") = "Host", "Host", "{AC5D25FA-D8B1-457E-BA2A-759A870F0AD5}"
EndProject
Project("{FAE04EC0-301F-11D3-BF4B-00C04F79EFBC}") = "WebApi", "WebApi\WebApi.csproj", "{3D034C09-0855-48F2-BC4B-27009C7D5CAB}"
EndProject
Project("{FAE04EC0-301F-11D3-BF4B-00C04F79EFBC}") = "Application", "Application\Application.csproj", "{42BD61FE-6685-4C39-86E0-BC6551009123}"
EndProject
Project("{FAE04EC0-301F-11D3-BF4B-00C04F79EFBC}") = "Domain", "Domain\Domain.csproj", "{120E2B65-8D15-4002-9C28-9E713B3B7E2A}"
EndProject
Project("{FAE04EC0-301F-11D3-BF4B-00C04F79EFBC}") = "Infrastructure", "Infrastructure\Infrastructure.csproj", "{390D3D3E-A377-4AE7-B22A-395A0436C483}"
EndProject
Project("{FAE04EC0-301F-11D3-BF4B-00C04F79EFBC}") = "Application.UnitTests", "Application.UnitTests\Application.UnitTests.csproj", "{8319238B-B2FD-4FC6-97FB-316E58ED482F}"
EndProject
Project("{FAE04EC0-301F-11D3-BF4B-00C04F79EFBC}") = "Domain.UnitTests", "Domain.UnitTests\Domain.UnitTests.csproj", "{8412AC4F-612E-4E05-A85A-D2929108D576}"
EndProject
Project("{FAE04EC0-301F-11D3-BF4B-00C04F79EFBC}") = "Infrastructure.UnitTests", "Infrastructure.UnitTests\Infrastructure.UnitTests.csproj", "{7934E240-51FC-4873-BA2E-47A3C47E438D}"
EndProject
Project("{FAE04EC0-301F-11D3-BF4B-00C04F79EFBC}") = "WebApi.IntegrationTests", "WebApi.IntegrationTests\WebApi.IntegrationTests.csproj", "{4DE4EFDC-F41B-4D81-8ADC-3BB36469A6E5}"
EndProject
Global
	GlobalSection(SolutionConfigurationPlatforms) = preSolution
		Debug|Any CPU = Debug|Any CPU
		Release|Any CPU = Release|Any CPU
	EndGlobalSection
	GlobalSection(NestedProjects) = preSolution
		{B8346825-A1E3-4793-A7EF-ED5F7CBD1E9A} = {3DAE187D-4A23-401B-A65B-B30A2BEB729A}
		{E2549519-73ED-4914-B28D-2414298CFE7B} = {3DAE187D-4A23-401B-A65B-B30A2BEB729A}
		{60F36531-DD5E-4966-973C-4C413DC177F3} = {3DAE187D-4A23-401B-A65B-B30A2BEB729A}
		{AC5D25FA-D8B1-457E-BA2A-759A870F0AD5} = {3DAE187D-4A23-401B-A65B-B30A2BEB729A}
		{3D034C09-0855-48F2-BC4B-27009C7D5CAB} = {AC5D25FA-D8B1-457E-BA2A-759A870F0AD5}
		{42BD61FE-6685-4C39-86E0-BC6551009123} = {60F36531-DD5E-4966-973C-4C413DC177F3}
		{120E2B65-8D15-4002-9C28-9E713B3B7E2A} = {B8346825-A1E3-4793-A7EF-ED5F7CBD1E9A}
		{390D3D3E-A377-4AE7-B22A-395A0436C483} = {E2549519-73ED-4914-B28D-2414298CFE7B}
		{8319238B-B2FD-4FC6-97FB-316E58ED482F} = {7005627D-9671-4352-B1CB-C1966F5D04BF}
		{8412AC4F-612E-4E05-A85A-D2929108D576} = {7005627D-9671-4352-B1CB-C1966F5D04BF}
		{7934E240-51FC-4873-BA2E-47A3C47E438D} = {7005627D-9671-4352-B1CB-C1966F5D04BF}
		{4DE4EFDC-F41B-4D81-8ADC-3BB36469A6E5} = {7005627D-9671-4352-B1CB-C1966F5D04BF}
	EndGlobalSection
	GlobalSection(ProjectConfigurationPlatforms) = postSolution
		{3D034C09-0855-48F2-BC4B-27009C7D5CAB}.Debug|Any CPU.ActiveCfg = Debug|Any CPU
		{3D034C09-0855-48F2-BC4B-27009C7D5CAB}.Debug|Any CPU.Build.0 = Debug|Any CPU
		{3D034C09-0855-48F2-BC4B-27009C7D5CAB}.Release|Any CPU.ActiveCfg = Release|Any CPU
		{3D034C09-0855-48F2-BC4B-27009C7D5CAB}.Release|Any CPU.Build.0 = Release|Any CPU
		{42BD61FE-6685-4C39-86E0-BC6551009123}.Debug|Any CPU.ActiveCfg = Debug|Any CPU
		{42BD61FE-6685-4C39-86E0-BC6551009123}.Debug|Any CPU.Build.0 = Debug|Any CPU
		{42BD61FE-6685-4C39-86E0-BC6551009123}.Release|Any CPU.ActiveCfg = Release|Any CPU
		{42BD61FE-6685-4C39-86E0-BC6551009123}.Release|Any CPU.Build.0 = Release|Any CPU
		{120E2B65-8D15-4002-9C28-9E713B3B7E2A}.Debug|Any CPU.ActiveCfg = Debug|Any CPU
		{120E2B65-8D15-4002-9C28-9E713B3B7E2A}.Debug|Any CPU.Build.0 = Debug|Any CPU
		{120E2B65-8D15-4002-9C28-9E713B3B7E2A}.Release|Any CPU.ActiveCfg = Release|Any CPU
		{120E2B65-8D15-4002-9C28-9E713B3B7E2A}.Release|Any CPU.Build.0 = Release|Any CPU
		{390D3D3E-A377-4AE7-B22A-395A0436C483}.Debug|Any CPU.ActiveCfg = Debug|Any CPU
		{390D3D3E-A377-4AE7-B22A-395A0436C483}.Debug|Any CPU.Build.0 = Debug|Any CPU
		{390D3D3E-A377-4AE7-B22A-395A0436C483}.Release|Any CPU.ActiveCfg = Release|Any CPU
		{390D3D3E-A377-4AE7-B22A-395A0436C483}.Release|Any CPU.Build.0 = Release|Any CPU
		{8319238B-B2FD-4FC6-97FB-316E58ED482F}.Debug|Any CPU.ActiveCfg = Debug|Any CPU
		{8319238B-B2FD-4FC6-97FB-316E58ED482F}.Debug|Any CPU.Build.0 = Debug|Any CPU
		{8319238B-B2FD-4FC6-97FB-316E58ED482F}.Release|Any CPU.ActiveCfg = Release|Any CPU
		{8319238B-B2FD-4FC6-97FB-316E58ED482F}.Release|Any CPU.Build.0 = Release|Any CPU
		{8412AC4F-612E-4E05-A85A-D2929108D576}.Debug|Any CPU.ActiveCfg = Debug|Any CPU
		{8412AC4F-612E-4E05-A85A-D2929108D576}.Debug|Any CPU.Build.0 = Debug|Any CPU
		{8412AC4F-612E-4E05-A85A-D2929108D576}.Release|Any CPU.ActiveCfg = Release|Any CPU
		{8412AC4F-612E-4E05-A85A-D2929108D576}.Release|Any CPU.Build.0 = Release|Any CPU
		{7934E240-51FC-4873-BA2E-47A3C47E438D}.Debug|Any CPU.ActiveCfg = Debug|Any CPU
		{7934E240-51FC-4873-BA2E-47A3C47E438D}.Debug|Any CPU.Build.0 = Debug|Any CPU
		{7934E240-51FC-4873-BA2E-47A3C47E438D}.Release|Any CPU.ActiveCfg = Release|Any CPU
		{7934E240-51FC-4873-BA2E-47A3C47E438D}.Release|Any CPU.Build.0 = Release|Any CPU
		{4DE4EFDC-F41B-4D81-8ADC-3BB36469A6E5}.Debug|Any CPU.ActiveCfg = Debug|Any CPU
		{4DE4EFDC-F41B-4D81-8ADC-3BB36469A6E5}.Debug|Any CPU.Build.0 = Debug|Any CPU
		{4DE4EFDC-F41B-4D81-8ADC-3BB36469A6E5}.Release|Any CPU.ActiveCfg = Release|Any CPU
		{4DE4EFDC-F41B-4D81-8ADC-3BB36469A6E5}.Release|Any CPU.Build.0 = Release|Any CPU
	EndGlobalSection
EndGlobal
